{
  "version": 4,
  "terraform_version": "1.15.6",
  "serial": 11,
  "lineage": "5a31ec28-bd8a-722d-f80b-932cdb5a4bc1",
  "outputs": {
    "container_id": {
      "value": "989393bdc0c296e334e879805d1dd4ca427d7289247f3f36ed616a0a86770434",
      "type": "string"
    },
    "staging_url": {
      "value": "http://localhost:8001/health",
      "type": "string"
    }
  },
  "resources": [
    {
      "mode": "managed",
      "type": "docker_network",
      "name": "cicd",
      "provider": "provider[\"registry.terraform.io/kreuzwerker/docker\"]",
      "instances": [
        {
          "schema_version": 1,
          "attributes": {
            "attachable": false,
            "check_duplicate": null,
            "driver": "bridge",
            "id": "cicd-network",
            "ingress": false,
            "internal": false,
            "ipam_config": [
              {
                "aux_address": {},
                "gateway": "172.18.0.1",
                "ip_range": "",
                "subnet": "172.18.0.0/16"
              }
            ],
            "ipam_driver": "default",
            "ipam_options": {},
            "ipv6": false,
            "labels": [],
            "name": "cicd-network",
            "options": {
              "com.docker.network.enable_ipv4": "true",
              "com.docker.network.enable_ipv6": "false"
            },
            "scope": "local"
          },
          "sensitive_attributes": [],
          "identity_schema_version": 0,
          "private": "eyJzY2hlbWFfdmVyc2lvbiI6IjEifQ=="
        }
      ]
    }
  ],
  "check_results": null
}
